
Microsoft Visual Studio Solution File, Format Version 12.00
# Visual Studio Version 16
VisualStudioVersion = 16.0.30011.22
MinimumVisualStudioVersion = 10.0.40219.1
Project("{FAE04EC0-301F-11D3-BF4B-00C04F79EFBC}") = "Buchgeschäft", "Buchgeschäft\Buchgeschäft.csproj", "{9E97F5FC-A2CA-49B5-9877-CDEED8881A94}"
EndProject
Global
	GlobalSection(SolutionConfigurationPlatforms) = preSolution
		Debug|Any CPU = Debug|Any CPU
		Release|Any CPU = Release|Any CPU
	EndGlobalSection
	GlobalSection(ProjectConfigurationPlatforms) = postSolution
		{9E97F5FC-A2CA-49B5-9877-CDEED8881A94}.Debug|Any CPU.ActiveCfg = Debug|Any CPU
		{9E97F5FC-A2CA-49B5-9877-CDEED8881A94}.Debug|Any CPU.Build.0 = Debug|Any CPU
		{9E97F5FC-A2CA-49B5-9877-CDEED8881A94}.Release|Any CPU.ActiveCfg = Release|Any CPU
		{9E97F5FC-A2CA-49B5-9877-CDEED8881A94}.Release|Any CPU.Build.0 = Release|Any CPU
	EndGlobalSection
	GlobalSection(SolutionProperties) = preSolution
		HideSolutionNode = FALSE
	EndGlobalSection
	GlobalSection(ExtensibilityGlobals) = postSolution
		SolutionGuid = {A21E42ED-C5FF-4ED0-8E7C-30AED565B33A}
	EndGlobalSection
EndGlobal
